
Microsoft Visual Studio Solution File, Format Version 12.00
# Visual Studio 15
VisualStudioVersion = 15.0.28010.2041
MinimumVisualStudioVersion = 10.0.40219.1
Project("{9A19103F-16F7-4668-BE54-9A1E7A4F7556}") = "StoreSolution", "StoreSolution\StoreSolution.csproj", "{4798A6D7-7149-48C5-9489-E855B627FE5F}"
EndProject
Project("{2150E333-8FDC-42A3-9474-1A3956D46DE8}") = "0 - Web", "0 - Web", "{029DD9E4-48F9-4B84-B600-9DDD4938F7EF}"
EndProject
Project("{2150E333-8FDC-42A3-9474-1A3956D46DE8}") = "1 - Application", "1 - Application", "{47EA0D15-768E-4009-8A0E-6459052496A0}"
EndProject
Project("{2150E333-8FDC-42A3-9474-1A3956D46DE8}") = "2 - Core", "2 - Core", "{FB7F67B6-F96C-4A95-9B52-0AA56021F53D}"
EndProject
Project("{2150E333-8FDC-42A3-9474-1A3956D46DE8}") = "3 - Repository", "3 - Repository", "{B0F35D9B-76B8-4B6B-9CE3-154DDE3F23A4}"
EndProject
Project("{2150E333-8FDC-42A3-9474-1A3956D46DE8}") = "4 - CrossCutting", "4 - CrossCutting", "{6E20D13D-2CD2-4070-A71D-03E9E3647CB3}"
EndProject
Project("{2150E333-8FDC-42A3-9474-1A3956D46DE8}") = "5 - Test", "5 - Test", "{1562C653-2A7A-45D5-B400-48E1650D6D99}"
EndProject
Project("{2150E333-8FDC-42A3-9474-1A3956D46DE8}") = "6 - Utility", "6 - Utility", "{EC67179D-8429-49A1-B261-5C3B4A67F6E5}"
EndProject
Project("{2150E333-8FDC-42A3-9474-1A3956D46DE8}") = "Interface", "Interface", "{450FC3C7-E369-42CE-BBA3-BA3B89430351}"
EndProject
Project("{9A19103F-16F7-4668-BE54-9A1E7A4F7556}") = "Store.API.Model", "Store.API.Model\Store.API.Model.csproj", "{FA0E3493-B7CB-416C-B0C2-EBF2E157DCEE}"
EndProject
Project("{9A19103F-16F7-4668-BE54-9A1E7A4F7556}") = "Store.Application", "Store.Application\Store.Application.csproj", "{E239219C-4C0B-4A56-8B14-E9386D952BF1}"
EndProject
Project("{9A19103F-16F7-4668-BE54-9A1E7A4F7556}") = "Store.Application.Interface", "Store.Application.Interface\Store.Application.Interface.csproj", "{3DC05D04-AD4E-4D90-8F3B-F06D84E2B01C}"
EndProject
Project("{9A19103F-16F7-4668-BE54-9A1E7A4F7556}") = "Store.Core.Entity", "Store.Core.Entity\Store.Core.Entity.csproj", "{1A5E3D6B-06BB-4C2F-8508-09642284E1DB}"
EndProject
Project("{9A19103F-16F7-4668-BE54-9A1E7A4F7556}") = "Store.Core.Service", "Store.Core.Service\Store.Core.Service.csproj", "{B5DE9AE8-C559-4EA9-A0BD-8A7E61C6A60B}"
EndProject
Project("{9A19103F-16F7-4668-BE54-9A1E7A4F7556}") = "Store.Repository", "Store.Repository\Store.Repository.csproj", "{84856648-EDE3-48E0-B198-1601954729F1}"
EndProject
Project("{9A19103F-16F7-4668-BE54-9A1E7A4F7556}") = "Store.CrossCutting.Config", "Store.CrossCutting.Config\Store.CrossCutting.Config.csproj", "{A173FF79-873E-4386-9D6C-47E0EE855721}"
EndProject
Project("{9A19103F-16F7-4668-BE54-9A1E7A4F7556}") = "Store.CrossCutting.IoC", "Store.CrossCutting.IoC\Store.CrossCutting.IoC.csproj", "{CA3D8445-959F-421C-9C2F-BE555814EBA1}"
EndProject
Project("{9A19103F-16F7-4668-BE54-9A1E7A4F7556}") = "Store.CrossCutting.Mapper", "Store.CrossCutting.Mapper\Store.CrossCutting.Mapper.csproj", "{F88C92E9-8F93-40B7-85F1-69D16A51CA95}"
EndProject
Project("{2150E333-8FDC-42A3-9474-1A3956D46DE8}") = "FuntionalTest", "FuntionalTest", "{51D9F86F-D5BE-43ED-98DB-4472AD8CA2BC}"
EndProject
Project("{2150E333-8FDC-42A3-9474-1A3956D46DE8}") = "UnitTest", "UnitTest", "{A0F01C6E-26C7-4EC0-8417-B5D8E911971D}"
EndProject
Project("{9A19103F-16F7-4668-BE54-9A1E7A4F7556}") = "Store.Core.Repository.Interface", "Store.Core.Repository.Interface\Store.Core.Repository.Interface.csproj", "{E421C535-92E4-43FD-A016-A9E16F5E68F0}"
EndProject
Project("{9A19103F-16F7-4668-BE54-9A1E7A4F7556}") = "Store.Core.Service.Interface", "Store.Service.Interface\Store.Core.Service.Interface.csproj", "{694E96A4-8CA9-416C-87D2-19206400438B}"
EndProject
Project("{FAE04EC0-301F-11D3-BF4B-00C04F79EFBC}") = "Store.UnitTest", "Store.UnitTest\Store.UnitTest.csproj", "{D459C8C8-DF38-4100-9374-C2F7663D12CD}"
EndProject
Global
	GlobalSection(SolutionConfigurationPlatforms) = preSolution
		Debug|Any CPU = Debug|Any CPU
		Release|Any CPU = Release|Any CPU
	EndGlobalSection
	GlobalSection(ProjectConfigurationPlatforms) = postSolution
		{4798A6D7-7149-48C5-9489-E855B627FE5F}.Debug|Any CPU.ActiveCfg = Debug|Any CPU
		{4798A6D7-7149-48C5-9489-E855B627FE5F}.Debug|Any CPU.Build.0 = Debug|Any CPU
		{4798A6D7-7149-48C5-9489-E855B627FE5F}.Release|Any CPU.ActiveCfg = Release|Any CPU
		{4798A6D7-7149-48C5-9489-E855B627FE5F}.Release|Any CPU.Build.0 = Release|Any CPU
		{FA0E3493-B7CB-416C-B0C2-EBF2E157DCEE}.Debug|Any CPU.ActiveCfg = Debug|Any CPU
		{FA0E3493-B7CB-416C-B0C2-EBF2E157DCEE}.Debug|Any CPU.Build.0 = Debug|Any CPU
		{FA0E3493-B7CB-416C-B0C2-EBF2E157DCEE}.Release|Any CPU.ActiveCfg = Release|Any CPU
		{FA0E3493-B7CB-416C-B0C2-EBF2E157DCEE}.Release|Any CPU.Build.0 = Release|Any CPU
		{E239219C-4C0B-4A56-8B14-E9386D952BF1}.Debug|Any CPU.ActiveCfg = Debug|Any CPU
		{E239219C-4C0B-4A56-8B14-E9386D952BF1}.Debug|Any CPU.Build.0 = Debug|Any CPU
		{E239219C-4C0B-4A56-8B14-E9386D952BF1}.Release|Any CPU.ActiveCfg = Release|Any CPU
		{E239219C-4C0B-4A56-8B14-E9386D952BF1}.Release|Any CPU.Build.0 = Release|Any CPU
		{3DC05D04-AD4E-4D90-8F3B-F06D84E2B01C}.Debug|Any CPU.ActiveCfg = Debug|Any CPU
		{3DC05D04-AD4E-4D90-8F3B-F06D84E2B01C}.Debug|Any CPU.Build.0 = Debug|Any CPU
		{3DC05D04-AD4E-4D90-8F3B-F06D84E2B01C}.Release|Any CPU.ActiveCfg = Release|Any CPU
		{3DC05D04-AD4E-4D90-8F3B-F06D84E2B01C}.Release|Any CPU.Build.0 = Release|Any CPU
		{1A5E3D6B-06BB-4C2F-8508-09642284E1DB}.Debug|Any CPU.ActiveCfg = Debug|Any CPU
		{1A5E3D6B-06BB-4C2F-8508-09642284E1DB}.Debug|Any CPU.Build.0 = Debug|Any CPU
		{1A5E3D6B-06BB-4C2F-8508-09642284E1DB}.Release|Any CPU.ActiveCfg = Release|Any CPU
		{1A5E3D6B-06BB-4C2F-8508-09642284E1DB}.Release|Any CPU.Build.0 = Release|Any CPU
		{B5DE9AE8-C559-4EA9-A0BD-8A7E61C6A60B}.Debug|Any CPU.ActiveCfg = Debug|Any CPU
		{B5DE9AE8-C559-4EA9-A0BD-8A7E61C6A60B}.Debug|Any CPU.Build.0 = Debug|Any CPU
		{B5DE9AE8-C559-4EA9-A0BD-8A7E61C6A60B}.Release|Any CPU.ActiveCfg = Release|Any CPU
		{B5DE9AE8-C559-4EA9-A0BD-8A7E61C6A60B}.Release|Any CPU.Build.0 = Release|Any CPU
		{84856648-EDE3-48E0-B198-1601954729F1}.Debug|Any CPU.ActiveCfg = Debug|Any CPU
		{84856648-EDE3-48E0-B198-1601954729F1}.Debug|Any CPU.Build.0 = Debug|Any CPU
		{84856648-EDE3-48E0-B198-1601954729F1}.Release|Any CPU.ActiveCfg = Release|Any CPU
		{84856648-EDE3-48E0-B198-1601954729F1}.Release|Any CPU.Build.0 = Release|Any CPU
		{A173FF79-873E-4386-9D6C-47E0EE855721}.Debug|Any CPU.ActiveCfg = Debug|Any CPU
		{A173FF79-873E-4386-9D6C-47E0EE855721}.Debug|Any CPU.Build.0 = Debug|Any CPU
		{A173FF79-873E-4386-9D6C-47E0EE855721}.Release|Any CPU.ActiveCfg = Release|Any CPU
		{A173FF79-873E-4386-9D6C-47E0EE855721}.Release|Any CPU.Build.0 = Release|Any CPU
		{CA3D8445-959F-421C-9C2F-BE555814EBA1}.Debug|Any CPU.ActiveCfg = Debug|Any CPU
		{CA3D8445-959F-421C-9C2F-BE555814EBA1}.Debug|Any CPU.Build.0 = Debug|Any CPU
		{CA3D8445-959F-421C-9C2F-BE555814EBA1}.Release|Any CPU.ActiveCfg = Release|Any CPU
		{CA3D8445-959F-421C-9C2F-BE555814EBA1}.Release|Any CPU.Build.0 = Release|Any CPU
		{F88C92E9-8F93-40B7-85F1-69D16A51CA95}.Debug|Any CPU.ActiveCfg = Debug|Any CPU
		{F88C92E9-8F93-40B7-85F1-69D16A51CA95}.Debug|Any CPU.Build.0 = Debug|Any CPU
		{F88C92E9-8F93-40B7-85F1-69D16A51CA95}.Release|Any CPU.ActiveCfg = Release|Any CPU
		{F88C92E9-8F93-40B7-85F1-69D16A51CA95}.Release|Any CPU.Build.0 = Release|Any CPU
		{E421C535-92E4-43FD-A016-A9E16F5E68F0}.Debug|Any CPU.ActiveCfg = Debug|Any CPU
		{E421C535-92E4-43FD-A016-A9E16F5E68F0}.Debug|Any CPU.Build.0 = Debug|Any CPU
		{E421C535-92E4-43FD-A016-A9E16F5E68F0}.Release|Any CPU.ActiveCfg = Release|Any CPU
		{E421C535-92E4-43FD-A016-A9E16F5E68F0}.Release|Any CPU.Build.0 = Release|Any CPU
		{694E96A4-8CA9-416C-87D2-19206400438B}.Debug|Any CPU.ActiveCfg = Debug|Any CPU
		{694E96A4-8CA9-416C-87D2-19206400438B}.Debug|Any CPU.Build.0 = Debug|Any CPU
		{694E96A4-8CA9-416C-87D2-19206400438B}.Release|Any CPU.ActiveCfg = Release|Any CPU
		{694E96A4-8CA9-416C-87D2-19206400438B}.Release|Any CPU.Build.0 = Release|Any CPU
		{D459C8C8-DF38-4100-9374-C2F7663D12CD}.Debug|Any CPU.ActiveCfg = Debug|Any CPU
		{D459C8C8-DF38-4100-9374-C2F7663D12CD}.Debug|Any CPU.Build.0 = Debug|Any CPU
		{D459C8C8-DF38-4100-9374-C2F7663D12CD}.Release|Any CPU.ActiveCfg = Release|Any CPU
		{D459C8C8-DF38-4100-9374-C2F7663D12CD}.Release|Any CPU.Build.0 = Release|Any CPU
	EndGlobalSection
	GlobalSection(SolutionProperties) = preSolution
		HideSolutionNode = FALSE
	EndGlobalSection
	GlobalSection(NestedProjects) = preSolution
		{4798A6D7-7149-48C5-9489-E855B627FE5F} = {029DD9E4-48F9-4B84-B600-9DDD4938F7EF}
		{450FC3C7-E369-42CE-BBA3-BA3B89430351} = {FB7F67B6-F96C-4A95-9B52-0AA56021F53D}
		{FA0E3493-B7CB-416C-B0C2-EBF2E157DCEE} = {029DD9E4-48F9-4B84-B600-9DDD4938F7EF}
		{E239219C-4C0B-4A56-8B14-E9386D952BF1} = {47EA0D15-768E-4009-8A0E-6459052496A0}
		{3DC05D04-AD4E-4D90-8F3B-F06D84E2B01C} = {47EA0D15-768E-4009-8A0E-6459052496A0}
		{1A5E3D6B-06BB-4C2F-8508-09642284E1DB} = {FB7F67B6-F96C-4A95-9B52-0AA56021F53D}
		{B5DE9AE8-C559-4EA9-A0BD-8A7E61C6A60B} = {FB7F67B6-F96C-4A95-9B52-0AA56021F53D}
		{84856648-EDE3-48E0-B198-1601954729F1} = {B0F35D9B-76B8-4B6B-9CE3-154DDE3F23A4}
		{A173FF79-873E-4386-9D6C-47E0EE855721} = {6E20D13D-2CD2-4070-A71D-03E9E3647CB3}
		{CA3D8445-959F-421C-9C2F-BE555814EBA1} = {6E20D13D-2CD2-4070-A71D-03E9E3647CB3}
		{F88C92E9-8F93-40B7-85F1-69D16A51CA95} = {6E20D13D-2CD2-4070-A71D-03E9E3647CB3}
		{51D9F86F-D5BE-43ED-98DB-4472AD8CA2BC} = {1562C653-2A7A-45D5-B400-48E1650D6D99}
		{A0F01C6E-26C7-4EC0-8417-B5D8E911971D} = {1562C653-2A7A-45D5-B400-48E1650D6D99}
		{E421C535-92E4-43FD-A016-A9E16F5E68F0} = {450FC3C7-E369-42CE-BBA3-BA3B89430351}
		{694E96A4-8CA9-416C-87D2-19206400438B} = {450FC3C7-E369-42CE-BBA3-BA3B89430351}
		{D459C8C8-DF38-4100-9374-C2F7663D12CD} = {A0F01C6E-26C7-4EC0-8417-B5D8E911971D}
	EndGlobalSection
	GlobalSection(ExtensibilityGlobals) = postSolution
		SolutionGuid = {A673D205-0F22-4B78-8169-BCE23E1A8A03}
	EndGlobalSection
EndGlobal
